
Microsoft Visual Studio Solution File, Format Version 12.00
# Visual Studio Version 17
VisualStudioVersion = 17.5.33424.131
MinimumVisualStudioVersion = 10.0.40219.1
Project("{9A19103F-16F7-4668-BE54-9A1E7A4F7556}") = "APIntegro.API", "APIntegro.API\APIntegro.API.csproj", "{7E882EBD-764F-44AD-805B-29810CF837A7}"
EndProject
Project("{9A19103F-16F7-4668-BE54-9A1E7A4F7556}") = "APIntegro.Infrastructure", "APIntegro.Infrastructure\APIntegro.Infrastructure.csproj", "{84AB3962-17A3-4F10-85B7-2D05C10C23BD}"
EndProject
Project("{9A19103F-16F7-4668-BE54-9A1E7A4F7556}") = "APIntegro.Domain", "APIntegro.Domain\APIntegro.Domain.csproj", "{B69E9C25-C027-4684-BF79-8AB9CAEFCBE1}"
EndProject
Project("{9A19103F-16F7-4668-BE54-9A1E7A4F7556}") = "APIntegro.Application", "APIntegro.Application\APIntegro.Application.csproj", "{A1B9398B-AC3C-4B26-B2E2-32731F4293CF}"
EndProject
Project("{9A19103F-16F7-4668-BE54-9A1E7A4F7556}") = "APIntegro.WEB", "APIntegro.WEB\APIntegro.WEB.csproj", "{AA0FF357-D6D4-4A28-92DD-AAFEB127235E}"
EndProject
Project("{9A19103F-16F7-4668-BE54-9A1E7A4F7556}") = "APIntegro.MOBILE", "APIntegro.MOBILE\APIntegro.MOBILE.csproj", "{C74F9210-AD3E-47F1-91F4-1DB15109D421}"
EndProject
Project("{2150E333-8FDC-42A3-9474-1A3956D46DE8}") = "tests", "tests", "{5E9ED72D-75F8-45AE-AC87-40EDFE0BC515}"
EndProject
Project("{2150E333-8FDC-42A3-9474-1A3956D46DE8}") = "src", "src", "{D61D7A92-860B-446A-83B5-ADA159D8AFE3}"
EndProject
Project("{9A19103F-16F7-4668-BE54-9A1E7A4F7556}") = "APIntegro.Application.UnitTests", "APIntegro.Application.UnitTests\APIntegro.Application.UnitTests.csproj", "{D264DA89-784C-4BC4-ADE1-FD84E03342EA}"
EndProject
Project("{2150E333-8FDC-42A3-9474-1A3956D46DE8}") = "UnitTests", "UnitTests", "{6AB3E4D2-973F-4EFB-8E2D-201ADA8D6BC7}"
EndProject
Project("{9A19103F-16F7-4668-BE54-9A1E7A4F7556}") = "APIntegro.API.UnitTests", "APIntegro.API.UnitTests\APIntegro.API.UnitTests.csproj", "{A4CD6696-D0CB-490D-BBA9-43568DB94700}"
EndProject
Project("{9A19103F-16F7-4668-BE54-9A1E7A4F7556}") = "APIntegro.Infrastructure.UnitTests", "APIntegro.Infrastructure.UnitTests\APIntegro.Infrastructure.UnitTests.csproj", "{962C0AC4-A38E-42A2-A196-F408B437BD7C}"
EndProject
Global
	GlobalSection(SolutionConfigurationPlatforms) = preSolution
		Debug|Any CPU = Debug|Any CPU
		Release|Any CPU = Release|Any CPU
	EndGlobalSection
	GlobalSection(ProjectConfigurationPlatforms) = postSolution
		{7E882EBD-764F-44AD-805B-29810CF837A7}.Debug|Any CPU.ActiveCfg = Debug|Any CPU
		{7E882EBD-764F-44AD-805B-29810CF837A7}.Debug|Any CPU.Build.0 = Debug|Any CPU
		{7E882EBD-764F-44AD-805B-29810CF837A7}.Release|Any CPU.ActiveCfg = Release|Any CPU
		{7E882EBD-764F-44AD-805B-29810CF837A7}.Release|Any CPU.Build.0 = Release|Any CPU
		{84AB3962-17A3-4F10-85B7-2D05C10C23BD}.Debug|Any CPU.ActiveCfg = Debug|Any CPU
		{84AB3962-17A3-4F10-85B7-2D05C10C23BD}.Debug|Any CPU.Build.0 = Debug|Any CPU
		{84AB3962-17A3-4F10-85B7-2D05C10C23BD}.Release|Any CPU.ActiveCfg = Release|Any CPU
		{84AB3962-17A3-4F10-85B7-2D05C10C23BD}.Release|Any CPU.Build.0 = Release|Any CPU
		{B69E9C25-C027-4684-BF79-8AB9CAEFCBE1}.Debug|Any CPU.ActiveCfg = Debug|Any CPU
		{B69E9C25-C027-4684-BF79-8AB9CAEFCBE1}.Debug|Any CPU.Build.0 = Debug|Any CPU
		{B69E9C25-C027-4684-BF79-8AB9CAEFCBE1}.Release|Any CPU.ActiveCfg = Release|Any CPU
		{B69E9C25-C027-4684-BF79-8AB9CAEFCBE1}.Release|Any CPU.Build.0 = Release|Any CPU
		{A1B9398B-AC3C-4B26-B2E2-32731F4293CF}.Debug|Any CPU.ActiveCfg = Debug|Any CPU
		{A1B9398B-AC3C-4B26-B2E2-32731F4293CF}.Debug|Any CPU.Build.0 = Debug|Any CPU
		{A1B9398B-AC3C-4B26-B2E2-32731F4293CF}.Release|Any CPU.ActiveCfg = Release|Any CPU
		{A1B9398B-AC3C-4B26-B2E2-32731F4293CF}.Release|Any CPU.Build.0 = Release|Any CPU
		{AA0FF357-D6D4-4A28-92DD-AAFEB127235E}.Debug|Any CPU.ActiveCfg = Debug|Any CPU
		{AA0FF357-D6D4-4A28-92DD-AAFEB127235E}.Debug|Any CPU.Build.0 = Debug|Any CPU
		{AA0FF357-D6D4-4A28-92DD-AAFEB127235E}.Release|Any CPU.ActiveCfg = Release|Any CPU
		{AA0FF357-D6D4-4A28-92DD-AAFEB127235E}.Release|Any CPU.Build.0 = Release|Any CPU
		{C74F9210-AD3E-47F1-91F4-1DB15109D421}.Debug|Any CPU.ActiveCfg = Debug|Any CPU
		{C74F9210-AD3E-47F1-91F4-1DB15109D421}.Debug|Any CPU.Build.0 = Debug|Any CPU
		{C74F9210-AD3E-47F1-91F4-1DB15109D421}.Debug|Any CPU.Deploy.0 = Debug|Any CPU
		{C74F9210-AD3E-47F1-91F4-1DB15109D421}.Release|Any CPU.ActiveCfg = Release|Any CPU
		{C74F9210-AD3E-47F1-91F4-1DB15109D421}.Release|Any CPU.Build.0 = Release|Any CPU
		{C74F9210-AD3E-47F1-91F4-1DB15109D421}.Release|Any CPU.Deploy.0 = Release|Any CPU
		{D264DA89-784C-4BC4-ADE1-FD84E03342EA}.Debug|Any CPU.ActiveCfg = Debug|Any CPU
		{D264DA89-784C-4BC4-ADE1-FD84E03342EA}.Debug|Any CPU.Build.0 = Debug|Any CPU
		{D264DA89-784C-4BC4-ADE1-FD84E03342EA}.Release|Any CPU.ActiveCfg = Release|Any CPU
		{D264DA89-784C-4BC4-ADE1-FD84E03342EA}.Release|Any CPU.Build.0 = Release|Any CPU
		{A4CD6696-D0CB-490D-BBA9-43568DB94700}.Debug|Any CPU.ActiveCfg = Debug|Any CPU
		{A4CD6696-D0CB-490D-BBA9-43568DB94700}.Debug|Any CPU.Build.0 = Debug|Any CPU
		{A4CD6696-D0CB-490D-BBA9-43568DB94700}.Release|Any CPU.ActiveCfg = Release|Any CPU
		{A4CD6696-D0CB-490D-BBA9-43568DB94700}.Release|Any CPU.Build.0 = Release|Any CPU
		{962C0AC4-A38E-42A2-A196-F408B437BD7C}.Debug|Any CPU.ActiveCfg = Debug|Any CPU
		{962C0AC4-A38E-42A2-A196-F408B437BD7C}.Debug|Any CPU.Build.0 = Debug|Any CPU
		{962C0AC4-A38E-42A2-A196-F408B437BD7C}.Release|Any CPU.ActiveCfg = Release|Any CPU
		{962C0AC4-A38E-42A2-A196-F408B437BD7C}.Release|Any CPU.Build.0 = Release|Any CPU
	EndGlobalSection
	GlobalSection(SolutionProperties) = preSolution
		HideSolutionNode = FALSE
	EndGlobalSection
	GlobalSection(NestedProjects) = preSolution
		{7E882EBD-764F-44AD-805B-29810CF837A7} = {D61D7A92-860B-446A-83B5-ADA159D8AFE3}
		{84AB3962-17A3-4F10-85B7-2D05C10C23BD} = {D61D7A92-860B-446A-83B5-ADA159D8AFE3}
		{B69E9C25-C027-4684-BF79-8AB9CAEFCBE1} = {D61D7A92-860B-446A-83B5-ADA159D8AFE3}
		{A1B9398B-AC3C-4B26-B2E2-32731F4293CF} = {D61D7A92-860B-446A-83B5-ADA159D8AFE3}
		{AA0FF357-D6D4-4A28-92DD-AAFEB127235E} = {D61D7A92-860B-446A-83B5-ADA159D8AFE3}
		{C74F9210-AD3E-47F1-91F4-1DB15109D421} = {D61D7A92-860B-446A-83B5-ADA159D8AFE3}
		{D264DA89-784C-4BC4-ADE1-FD84E03342EA} = {6AB3E4D2-973F-4EFB-8E2D-201ADA8D6BC7}
		{6AB3E4D2-973F-4EFB-8E2D-201ADA8D6BC7} = {5E9ED72D-75F8-45AE-AC87-40EDFE0BC515}
		{A4CD6696-D0CB-490D-BBA9-43568DB94700} = {6AB3E4D2-973F-4EFB-8E2D-201ADA8D6BC7}
		{962C0AC4-A38E-42A2-A196-F408B437BD7C} = {6AB3E4D2-973F-4EFB-8E2D-201ADA8D6BC7}
	EndGlobalSection
	GlobalSection(ExtensibilityGlobals) = postSolution
		SolutionGuid = {8E4F5F2F-A47F-4E24-8A30-40542ECBAD37}
	EndGlobalSection
EndGlobal
